
Microsoft Visual Studio Solution File, Format Version 10.00
# Visual Studio 2008
Project("{2150E333-8FDC-42A3-9474-1A3956D46DE8}") = "Source", "Source", "{88CB4AF7-83AF-4080-AA86-887A705EBF37}"
EndProject
Project("{2150E333-8FDC-42A3-9474-1A3956D46DE8}") = "Infrastructure", "Infrastructure", "{7B05159C-03D7-47C0-A8AE-52B63C406AA9}"
EndProject
Project("{FAE04EC0-301F-11D3-BF4B-00C04F79EFBC}") = "Infrastructure.Interface", "Source\Infrastructure\Infrastructure.Interface\Infrastructure.Interface.csproj", "{BEA6FE9C-0589-4C64-B7CD-30158EE29CFD}"
EndProject
Project("{FAE04EC0-301F-11D3-BF4B-00C04F79EFBC}") = "Infrastructure.Library", "Source\Infrastructure\Infrastructure.Library\Infrastructure.Library.csproj", "{F1288EF5-B5F0-4AD5-8A39-7FABE6D04B19}"
EndProject
Project("{FAE04EC0-301F-11D3-BF4B-00C04F79EFBC}") = "Infrastructure.Module", "Source\Infrastructure\Infrastructure.Module\Infrastructure.Module.csproj", "{87FD01A3-C906-4995-8A8E-A7213C15F962}"
EndProject
Project("{FAE04EC0-301F-11D3-BF4B-00C04F79EFBC}") = "Shell", "Source\Infrastructure\Shell\Shell.csproj", "{25D3DA06-3FEA-4ABE-98CB-F7C4CA89F3D6}"
EndProject
Project("{2150E333-8FDC-42A3-9474-1A3956D46DE8}") = "Modules", "Modules", "{2AA9483E-E882-4DEA-AC71-7296C026B197}"
EndProject
Project("{FAE04EC0-301F-11D3-BF4B-00C04F79EFBC}") = "Infrastructure.HomeModule", "Source\Infrastructure\Infrastructure.HomeModule\Infrastructure.HomeModule.csproj", "{B056819D-7987-45B5-8292-BCBDB245852B}"
EndProject
Project("{2150E333-8FDC-42A3-9474-1A3956D46DE8}") = "ChkaddrModule", "ChkaddrModule", "{7CE856E2-F84B-4A36-91B4-F30DD300DD8F}"
EndProject
Project("{FAE04EC0-301F-11D3-BF4B-00C04F79EFBC}") = "InfoViewModule", "Source\InfoViewModule\BusinessModule\InfoViewModule.csproj", "{194F6B93-9AAF-482E-ACD0-C4D4ACE6C40E}"
EndProject
Project("{2150E333-8FDC-42A3-9474-1A3956D46DE8}") = "Exchange1cv8Module", "Exchange1cv8Module", "{A87CCE75-CCAE-49E4-80A3-0833FC693167}"
EndProject
Project("{FAE04EC0-301F-11D3-BF4B-00C04F79EFBC}") = "Exchange1Cv8Module.Interface", "Source\Exchange1Cv8Module\Exchange1Cv8Module.Interface\Exchange1Cv8Module.Interface.csproj", "{92DC10E6-DDE9-4892-9798-B57D5FBAA291}"
EndProject
Project("{FAE04EC0-301F-11D3-BF4B-00C04F79EFBC}") = "Exchange1Cv8Module", "Source\Exchange1Cv8Module\Exchange1Cv8Module\Exchange1Cv8Module.csproj", "{E369C339-4A81-445B-A3E1-534CA281860D}"
EndProject
Project("{FAE04EC0-301F-11D3-BF4B-00C04F79EFBC}") = "AboutModule", "Source\AboutModule\AboutModule\AboutModule.csproj", "{3228BDBD-5B49-4B24-B4C3-198408B5F283}"
EndProject
Project("{2150E333-8FDC-42A3-9474-1A3956D46DE8}") = "Exchange1CModule", "Exchange1CModule", "{DB043766-4BC0-4F7B-84B9-8FC4410C9989}"
EndProject
Project("{FAE04EC0-301F-11D3-BF4B-00C04F79EFBC}") = "Exchange1CModule", "Source\Exchange1CModule\Exchange1CModule\Exchange1CModule.csproj", "{7FDE00BE-C972-4D7C-86E1-A6B33BA036DD}"
EndProject
Project("{FAE04EC0-301F-11D3-BF4B-00C04F79EFBC}") = "BootStrap", "Source\Infrastructure\Infrastructure.BootStrap\BootStrap.csproj", "{27EC20AD-DB7D-4021-8482-90075DC9646D}"
EndProject
Project("{FAE04EC0-301F-11D3-BF4B-00C04F79EFBC}") = "Infrastructure.Controls", "Source\Infrastructure\Infrastructure.Controls\Infrastructure.Controls.csproj", "{F7D374B1-345C-4CB6-A564-C1B1AC2B3C4A}"
EndProject
Project("{FAE04EC0-301F-11D3-BF4B-00C04F79EFBC}") = "Infrastructure.CommonDialogsModule", "Source\Infrastructure\Infrastructure.CommonDialogs\Infrastructure.CommonDialogsModule.csproj", "{6F938469-87C0-48BF-86A7-04DBCFB32563}"
EndProject
Project("{FAE04EC0-301F-11D3-BF4B-00C04F79EFBC}") = "Services", "Source\Services\Services.csproj", "{C3AE4BCC-4E7B-47DA-B077-5FA5736B87E3}"
EndProject
Project("{2150E333-8FDC-42A3-9474-1A3956D46DE8}") = "Tests", "Tests", "{9F1AB0C7-5D77-4B94-A3AE-03D78823C853}"
EndProject
Project("{FAE04EC0-301F-11D3-BF4B-00C04F79EFBC}") = "ReadOrgModule", "Source\ReadOrgModule\ReadOrgModule.csproj", "{E0BDC8DA-8310-46FE-862D-66EAF208CD7C}"
EndProject
Project("{FAE04EC0-301F-11D3-BF4B-00C04F79EFBC}") = "SettingsModule", "Source\SettingsModule\SettingsModule.csproj", "{2AFDF1ED-D02C-4E09-8776-EC769F15341F}"
EndProject
Project("{2150E333-8FDC-42A3-9474-1A3956D46DE8}") = "Modules", "Modules", "{93DF5941-F329-49BB-A0F4-E479FECAC9EB}"
EndProject
Project("{2150E333-8FDC-42A3-9474-1A3956D46DE8}") = "Infrastructure", "Infrastructure", "{78DF8B28-15F7-4A2A-9F64-C916D022D979}"
EndProject
Project("{FAE04EC0-301F-11D3-BF4B-00C04F79EFBC}") = "Infrastructure.Controls.Tests", "Source.Tests\Infrastructure\Infrastructure.Controls.Tests\Infrastructure.Controls.Tests.csproj", "{4C151F4A-1DDD-428E-8441-0CCAB21718A4}"
EndProject
Project("{FAE04EC0-301F-11D3-BF4B-00C04F79EFBC}") = "Infrastructure.XPanderControls.Tests", "Source.Tests\Infrastructure\Infrastructure.XPanderControls.Tests\Infrastructure.XPanderControls.Tests.csproj", "{4CD3680B-511E-44F3-91D0-1A85C9BBED74}"
EndProject
Global
	GlobalSection(SolutionConfigurationPlatforms) = preSolution
		Debug|Any CPU = Debug|Any CPU
		Release|Any CPU = Release|Any CPU
	EndGlobalSection
	GlobalSection(ProjectConfigurationPlatforms) = postSolution
		{BEA6FE9C-0589-4C64-B7CD-30158EE29CFD}.Debug|Any CPU.ActiveCfg = Debug|Any CPU
		{BEA6FE9C-0589-4C64-B7CD-30158EE29CFD}.Debug|Any CPU.Build.0 = Debug|Any CPU
		{BEA6FE9C-0589-4C64-B7CD-30158EE29CFD}.Release|Any CPU.ActiveCfg = Release|Any CPU
		{BEA6FE9C-0589-4C64-B7CD-30158EE29CFD}.Release|Any CPU.Build.0 = Release|Any CPU
		{F1288EF5-B5F0-4AD5-8A39-7FABE6D04B19}.Debug|Any CPU.ActiveCfg = Debug|Any CPU
		{F1288EF5-B5F0-4AD5-8A39-7FABE6D04B19}.Debug|Any CPU.Build.0 = Debug|Any CPU
		{F1288EF5-B5F0-4AD5-8A39-7FABE6D04B19}.Release|Any CPU.ActiveCfg = Release|Any CPU
		{F1288EF5-B5F0-4AD5-8A39-7FABE6D04B19}.Release|Any CPU.Build.0 = Release|Any CPU
		{87FD01A3-C906-4995-8A8E-A7213C15F962}.Debug|Any CPU.ActiveCfg = Debug|Any CPU
		{87FD01A3-C906-4995-8A8E-A7213C15F962}.Debug|Any CPU.Build.0 = Debug|Any CPU
		{87FD01A3-C906-4995-8A8E-A7213C15F962}.Release|Any CPU.ActiveCfg = Release|Any CPU
		{87FD01A3-C906-4995-8A8E-A7213C15F962}.Release|Any CPU.Build.0 = Release|Any CPU
		{25D3DA06-3FEA-4ABE-98CB-F7C4CA89F3D6}.Debug|Any CPU.ActiveCfg = Debug|Any CPU
		{25D3DA06-3FEA-4ABE-98CB-F7C4CA89F3D6}.Debug|Any CPU.Build.0 = Debug|Any CPU
		{25D3DA06-3FEA-4ABE-98CB-F7C4CA89F3D6}.Release|Any CPU.ActiveCfg = Release|Any CPU
		{25D3DA06-3FEA-4ABE-98CB-F7C4CA89F3D6}.Release|Any CPU.Build.0 = Release|Any CPU
		{B056819D-7987-45B5-8292-BCBDB245852B}.Debug|Any CPU.ActiveCfg = Debug|Any CPU
		{B056819D-7987-45B5-8292-BCBDB245852B}.Debug|Any CPU.Build.0 = Debug|Any CPU
		{B056819D-7987-45B5-8292-BCBDB245852B}.Release|Any CPU.ActiveCfg = Release|Any CPU
		{B056819D-7987-45B5-8292-BCBDB245852B}.Release|Any CPU.Build.0 = Release|Any CPU
		{194F6B93-9AAF-482E-ACD0-C4D4ACE6C40E}.Debug|Any CPU.ActiveCfg = Debug|Any CPU
		{194F6B93-9AAF-482E-ACD0-C4D4ACE6C40E}.Debug|Any CPU.Build.0 = Debug|Any CPU
		{194F6B93-9AAF-482E-ACD0-C4D4ACE6C40E}.Release|Any CPU.ActiveCfg = Release|Any CPU
		{194F6B93-9AAF-482E-ACD0-C4D4ACE6C40E}.Release|Any CPU.Build.0 = Release|Any CPU
		{92DC10E6-DDE9-4892-9798-B57D5FBAA291}.Debug|Any CPU.ActiveCfg = Debug|Any CPU
		{92DC10E6-DDE9-4892-9798-B57D5FBAA291}.Debug|Any CPU.Build.0 = Debug|Any CPU
		{92DC10E6-DDE9-4892-9798-B57D5FBAA291}.Release|Any CPU.ActiveCfg = Release|Any CPU
		{92DC10E6-DDE9-4892-9798-B57D5FBAA291}.Release|Any CPU.Build.0 = Release|Any CPU
		{E369C339-4A81-445B-A3E1-534CA281860D}.Debug|Any CPU.ActiveCfg = Debug|Any CPU
		{E369C339-4A81-445B-A3E1-534CA281860D}.Debug|Any CPU.Build.0 = Debug|Any CPU
		{E369C339-4A81-445B-A3E1-534CA281860D}.Release|Any CPU.ActiveCfg = Release|Any CPU
		{E369C339-4A81-445B-A3E1-534CA281860D}.Release|Any CPU.Build.0 = Release|Any CPU
		{3228BDBD-5B49-4B24-B4C3-198408B5F283}.Debug|Any CPU.ActiveCfg = Debug|Any CPU
		{3228BDBD-5B49-4B24-B4C3-198408B5F283}.Debug|Any CPU.Build.0 = Debug|Any CPU
		{3228BDBD-5B49-4B24-B4C3-198408B5F283}.Release|Any CPU.ActiveCfg = Release|Any CPU
		{3228BDBD-5B49-4B24-B4C3-198408B5F283}.Release|Any CPU.Build.0 = Release|Any CPU
		{7FDE00BE-C972-4D7C-86E1-A6B33BA036DD}.Debug|Any CPU.ActiveCfg = Debug|Any CPU
		{7FDE00BE-C972-4D7C-86E1-A6B33BA036DD}.Debug|Any CPU.Build.0 = Debug|Any CPU
		{7FDE00BE-C972-4D7C-86E1-A6B33BA036DD}.Release|Any CPU.ActiveCfg = Release|Any CPU
		{7FDE00BE-C972-4D7C-86E1-A6B33BA036DD}.Release|Any CPU.Build.0 = Release|Any CPU
		{27EC20AD-DB7D-4021-8482-90075DC9646D}.Debug|Any CPU.ActiveCfg = Debug|Any CPU
		{27EC20AD-DB7D-4021-8482-90075DC9646D}.Debug|Any CPU.Build.0 = Debug|Any CPU
		{27EC20AD-DB7D-4021-8482-90075DC9646D}.Release|Any CPU.ActiveCfg = Release|Any CPU
		{27EC20AD-DB7D-4021-8482-90075DC9646D}.Release|Any CPU.Build.0 = Release|Any CPU
		{F7D374B1-345C-4CB6-A564-C1B1AC2B3C4A}.Debug|Any CPU.ActiveCfg = Debug|Any CPU
		{F7D374B1-345C-4CB6-A564-C1B1AC2B3C4A}.Debug|Any CPU.Build.0 = Debug|Any CPU
		{F7D374B1-345C-4CB6-A564-C1B1AC2B3C4A}.Release|Any CPU.ActiveCfg = Release|Any CPU
		{F7D374B1-345C-4CB6-A564-C1B1AC2B3C4A}.Release|Any CPU.Build.0 = Release|Any CPU
		{6F938469-87C0-48BF-86A7-04DBCFB32563}.Debug|Any CPU.ActiveCfg = Debug|Any CPU
		{6F938469-87C0-48BF-86A7-04DBCFB32563}.Debug|Any CPU.Build.0 = Debug|Any CPU
		{6F938469-87C0-48BF-86A7-04DBCFB32563}.Release|Any CPU.ActiveCfg = Release|Any CPU
		{6F938469-87C0-48BF-86A7-04DBCFB32563}.Release|Any CPU.Build.0 = Release|Any CPU
		{C3AE4BCC-4E7B-47DA-B077-5FA5736B87E3}.Debug|Any CPU.ActiveCfg = Debug|Any CPU
		{C3AE4BCC-4E7B-47DA-B077-5FA5736B87E3}.Debug|Any CPU.Build.0 = Debug|Any CPU
		{C3AE4BCC-4E7B-47DA-B077-5FA5736B87E3}.Release|Any CPU.ActiveCfg = Release|Any CPU
		{C3AE4BCC-4E7B-47DA-B077-5FA5736B87E3}.Release|Any CPU.Build.0 = Release|Any CPU
		{E0BDC8DA-8310-46FE-862D-66EAF208CD7C}.Debug|Any CPU.ActiveCfg = Debug|Any CPU
		{E0BDC8DA-8310-46FE-862D-66EAF208CD7C}.Debug|Any CPU.Build.0 = Debug|Any CPU
		{E0BDC8DA-8310-46FE-862D-66EAF208CD7C}.Release|Any CPU.ActiveCfg = Release|Any CPU
		{E0BDC8DA-8310-46FE-862D-66EAF208CD7C}.Release|Any CPU.Build.0 = Release|Any CPU
		{2AFDF1ED-D02C-4E09-8776-EC769F15341F}.Debug|Any CPU.ActiveCfg = Debug|Any CPU
		{2AFDF1ED-D02C-4E09-8776-EC769F15341F}.Debug|Any CPU.Build.0 = Debug|Any CPU
		{2AFDF1ED-D02C-4E09-8776-EC769F15341F}.Release|Any CPU.ActiveCfg = Release|Any CPU
		{2AFDF1ED-D02C-4E09-8776-EC769F15341F}.Release|Any CPU.Build.0 = Release|Any CPU
		{4C151F4A-1DDD-428E-8441-0CCAB21718A4}.Debug|Any CPU.ActiveCfg = Debug|Any CPU
		{4C151F4A-1DDD-428E-8441-0CCAB21718A4}.Debug|Any CPU.Build.0 = Debug|Any CPU
		{4C151F4A-1DDD-428E-8441-0CCAB21718A4}.Release|Any CPU.ActiveCfg = Release|Any CPU
		{4C151F4A-1DDD-428E-8441-0CCAB21718A4}.Release|Any CPU.Build.0 = Release|Any CPU
		{4CD3680B-511E-44F3-91D0-1A85C9BBED74}.Debug|Any CPU.ActiveCfg = Debug|Any CPU
		{4CD3680B-511E-44F3-91D0-1A85C9BBED74}.Debug|Any CPU.Build.0 = Debug|Any CPU
		{4CD3680B-511E-44F3-91D0-1A85C9BBED74}.Release|Any CPU.ActiveCfg = Release|Any CPU
		{4CD3680B-511E-44F3-91D0-1A85C9BBED74}.Release|Any CPU.Build.0 = Release|Any CPU
	EndGlobalSection
	GlobalSection(SolutionProperties) = preSolution
		HideSolutionNode = FALSE
	EndGlobalSection
	GlobalSection(NestedProjects) = preSolution
		{7B05159C-03D7-47C0-A8AE-52B63C406AA9} = {88CB4AF7-83AF-4080-AA86-887A705EBF37}
		{2AA9483E-E882-4DEA-AC71-7296C026B197} = {88CB4AF7-83AF-4080-AA86-887A705EBF37}
		{BEA6FE9C-0589-4C64-B7CD-30158EE29CFD} = {7B05159C-03D7-47C0-A8AE-52B63C406AA9}
		{F1288EF5-B5F0-4AD5-8A39-7FABE6D04B19} = {7B05159C-03D7-47C0-A8AE-52B63C406AA9}
		{87FD01A3-C906-4995-8A8E-A7213C15F962} = {7B05159C-03D7-47C0-A8AE-52B63C406AA9}
		{25D3DA06-3FEA-4ABE-98CB-F7C4CA89F3D6} = {7B05159C-03D7-47C0-A8AE-52B63C406AA9}
		{B056819D-7987-45B5-8292-BCBDB245852B} = {7B05159C-03D7-47C0-A8AE-52B63C406AA9}
		{27EC20AD-DB7D-4021-8482-90075DC9646D} = {7B05159C-03D7-47C0-A8AE-52B63C406AA9}
		{F7D374B1-345C-4CB6-A564-C1B1AC2B3C4A} = {7B05159C-03D7-47C0-A8AE-52B63C406AA9}
		{6F938469-87C0-48BF-86A7-04DBCFB32563} = {7B05159C-03D7-47C0-A8AE-52B63C406AA9}
		{7CE856E2-F84B-4A36-91B4-F30DD300DD8F} = {2AA9483E-E882-4DEA-AC71-7296C026B197}
		{194F6B93-9AAF-482E-ACD0-C4D4ACE6C40E} = {2AA9483E-E882-4DEA-AC71-7296C026B197}
		{A87CCE75-CCAE-49E4-80A3-0833FC693167} = {2AA9483E-E882-4DEA-AC71-7296C026B197}
		{3228BDBD-5B49-4B24-B4C3-198408B5F283} = {2AA9483E-E882-4DEA-AC71-7296C026B197}
		{DB043766-4BC0-4F7B-84B9-8FC4410C9989} = {2AA9483E-E882-4DEA-AC71-7296C026B197}
		{C3AE4BCC-4E7B-47DA-B077-5FA5736B87E3} = {2AA9483E-E882-4DEA-AC71-7296C026B197}
		{E0BDC8DA-8310-46FE-862D-66EAF208CD7C} = {2AA9483E-E882-4DEA-AC71-7296C026B197}
		{2AFDF1ED-D02C-4E09-8776-EC769F15341F} = {2AA9483E-E882-4DEA-AC71-7296C026B197}
		{92DC10E6-DDE9-4892-9798-B57D5FBAA291} = {A87CCE75-CCAE-49E4-80A3-0833FC693167}
		{E369C339-4A81-445B-A3E1-534CA281860D} = {A87CCE75-CCAE-49E4-80A3-0833FC693167}
		{7FDE00BE-C972-4D7C-86E1-A6B33BA036DD} = {DB043766-4BC0-4F7B-84B9-8FC4410C9989}
		{93DF5941-F329-49BB-A0F4-E479FECAC9EB} = {9F1AB0C7-5D77-4B94-A3AE-03D78823C853}
		{78DF8B28-15F7-4A2A-9F64-C916D022D979} = {9F1AB0C7-5D77-4B94-A3AE-03D78823C853}
		{4C151F4A-1DDD-428E-8441-0CCAB21718A4} = {78DF8B28-15F7-4A2A-9F64-C916D022D979}
		{4CD3680B-511E-44F3-91D0-1A85C9BBED74} = {78DF8B28-15F7-4A2A-9F64-C916D022D979}
	EndGlobalSection
	GlobalSection(ExtensibilityGlobals) = postSolution
		RootNamespace = ACOT
		CommonProjectGuid = bea6fe9c-0589-4c64-b7cd-30158ee29cfd
		ShellProjectGuid = 25d3da06-3fea-4abe-98cb-f7c4ca89f3d6
	EndGlobalSection
EndGlobal
